{
    "_meta": {
        "hash": {
            "sha256": "e437abdbd09bc923aecd948213e774b8dfc97525ff9e7c45a60d9ae1b379d7a4"
        },
        "pipfile-spec": 6,
        "requires": {
            "python_version": "3.11"
        },
        "sources": [
            {
                "name": "pypi",
                "url": "https://pypi.org/simple",
                "verify_ssl": true
            }
        ]
    },
    "default": {
        "iniconfig": {
            "hashes": [
                "sha256:2d91e135bf72d31a410b17c16da610a82cb55f6b0477d1a902134b24a455b8b3",
                "sha256:b6a85871a79d2e3b22d2d1b94ac2824226a63c6b741c88f7ae975f18b6778374"
            ],
            "markers": "python_version >= '3.7'",
            "version": "==2.0.0"
        },
        "nest-asyncio": {
            "hashes": [
                "sha256:6f172d5449aca15afd6c646851f4e31e02c598d553a667e38cafa997cfec55fe",
                "sha256:87af6efd6b5e897c81050477ef65c62e2b2f35d51703cae01aff2905b1852e1c"
            ],
            "index": "pypi",
            "markers": "python_version >= '3.5'",
            "version": "==1.6.0"
        },
        "packaging": {
            "hashes": [
                "sha256:2ddfb553fdf02fb784c234c7ba6ccc288296ceabec964ad2eae3777778130bc5",
                "sha256:eb82c5e3e56209074766e6885bb04b8c38a0c015d0a30036ebe7ece34c9989e9"
            ],
            "markers": "python_version >= '3.7'",
            "version": "==24.0"
        },
        "pluggy": {
            "hashes": [
                "sha256:2cffa88e94fdc978c4c574f15f9e59b7f4201d439195c3715ca9e2486f1d0cf1",
                "sha256:44e1ad92c8ca002de6377e165f3e0f1be63266ab4d554740532335b9d75ea669"
            ],
            "markers": "python_version >= '3.8'",
            "version": "==1.5.0"
        },
        "pytest": {
            "hashes": [
                "sha256:1733f0620f6cda4095bbf0d9ff8022486e91892245bb9e7d5542c018f612f233",
                "sha256:d507d4482197eac0ba2bae2e9babf0672eb333017bcedaa5fb1a3d42c1174b3f"
            ],
            "index": "pypi",
            "markers": "python_version >= '3.8'",
            "version": "==8.2.0"
        },
        "pyyaml": {
            "hashes": [
                "sha256:01b45c0191e6d66c470b6cf1b9531a771a83c1c4208272ead47a3ae4f2f603bf",
                "sha256:0283c35a6a9fbf047493e3a0ce8d79ef5030852c51e9d911a27badfde0605293",
                "sha256:055d937d65826939cb044fc8c9b08889e8c743fdc6a32b33e2390f66013e449b",
                "sha256:07751360502caac1c067a8132d150cf3d61339af5691fe9e87803040dbc5db57",
                "sha256:0b4624f379dab24d3725ffde76559cff63d9ec94e1736b556dacdfebe5ab6d4b",
                "sha256:0ce82d761c532fe4ec3f87fc45688bdd3a4c1dc5e0b4a19814b9009a29baefd4",
                "sha256:1e4747bc279b4f613a09eb64bba2ba602d8a6664c6ce6396a4d0cd413a50ce07",
                "sha256:213c60cd50106436cc818accf5baa1aba61c0189ff610f64f4a3e8c6726218ba",
                "sha256:231710d57adfd809ef5d34183b8ed1eeae3f76459c18fb4a0b373ad56bedcdd9",
                "sha256:277a0ef2981ca40581a47093e9e2d13b3f1fbbeffae064c1d21bfceba2030287",
                "sha256:2cd5df3de48857ed0544b34e2d40e9fac445930039f3cfe4bcc592a1f836d513",
                "sha256:40527857252b61eacd1d9af500c3337ba8deb8fc298940291486c465c8b46ec0",
                "sha256:432557aa2c09802be39460360ddffd48156e30721f5e8d917f01d31694216782",
                "sha256:473f9edb243cb1935ab5a084eb238d842fb8f404ed2193a915d1784b5a6b5fc0",
                "sha256:48c346915c114f5fdb3ead70312bd042a953a8ce5c7106d5bfb1a5254e47da92",
                "sha256:50602afada6d6cbfad699b0c7bb50d5ccffa7e46a3d738092afddc1f9758427f",
                "sha256:68fb519c14306fec9720a2a5b45bc9f0c8d1b9c72adf45c37baedfcd949c35a2",
                "sha256:77f396e6ef4c73fdc33a9157446466f1cff553d979bd00ecb64385760c6babdc",
                "sha256:81957921f441d50af23654aa6c5e5eaf9b06aba7f0a19c18a538dc7ef291c5a1",
                "sha256:819b3830a1543db06c4d4b865e70ded25be52a2e0631ccd2f6a47a2822f2fd7c",
                "sha256:897b80890765f037df3403d22bab41627ca8811ae55e9a722fd0392850ec4d86",
                "sha256:98c4d36e99714e55cfbaaee6dd5badbc9a1ec339ebfc3b1f52e293aee6bb71a4",
                "sha256:9df7ed3b3d2e0ecfe09e14741b857df43adb5a3ddadc919a2d94fbdf78fea53c",
                "sha256:9fa600030013c4de8165339db93d182b9431076eb98eb40ee068700c9c813e34",
                "sha256:a80a78046a72361de73f8f395f1f1e49f956c6be882eed58505a15f3e430962b",
                "sha256:afa17f5bc4d1b10afd4466fd3a44dc0e245382deca5b3c353d8b757f9e3ecb8d",
                "sha256:b3d267842bf12586ba6c734f89d1f5b871df0273157918b0ccefa29deb05c21c",
                "sha256:b5b9eccad747aabaaffbc6064800670f0c297e52c12754eb1d976c57e4f74dcb",
                "sha256:bfaef573a63ba8923503d27530362590ff4f576c626d86a9fed95822a8255fd7",
                "sha256:c5687b8d43cf58545ade1fe3e055f70eac7a5a1a0bf42824308d868289a95737",
                "sha256:cba8c411ef271aa037d7357a2bc8f9ee8b58b9965831d9e51baf703280dc73d3",
                "sha256:d15a181d1ecd0d4270dc32edb46f7cb7733c7c508857278d3d378d14d606db2d",
                "sha256:d4b0ba9512519522b118090257be113b9468d804b19d63c71dbcf4a48fa32358",
                "sha256:d4db7c7aef085872ef65a8fd7d6d09a14ae91f691dec3e87ee5ee0539d516f53",
                "sha256:d4eccecf9adf6fbcc6861a38015c2a64f38b9d94838ac1810a9023a0609e1b78",
                "sha256:d67d839ede4ed1b28a4e8909735fc992a923cdb84e618544973d7dfc71540803",
                "sha256:daf496c58a8c52083df09b80c860005194014c3698698d1a57cbcfa182142a3a",
                "sha256:dbad0e9d368bb989f4515da330b88a057617d16b6a8245084f1b05400f24609f",
                "sha256:e61ceaab6f49fb8bdfaa0f92c4b57bcfbea54c09277b1b4f7ac376bfb7a7c174",
                "sha256:f84fbc98b019fef2ee9a1cb3ce93e3187a6df0b2538a651bfb890254ba9f90b5"
            ],
            "index": "pypi",
            "markers": "python_version >= '3.6'",
            "version": "==6.0"
        }
    },
    "develop": {
        "cfgv": {
            "hashes": [
                "sha256:b7265b1f29fd3316bfcd2b330d63d024f2bfd8bcb8b0272f8e19a504856c48f9",
                "sha256:e52591d4c5f5dead8e0f673fb16db7949d2cfb3f7da4582893288f0ded8fe560"
            ],
            "markers": "python_version >= '3.8'",
            "version": "==3.4.0"
        },
        "coverage": {
            "extras": [
                "toml"
            ],
            "hashes": [
                "sha256:075299460948cd12722a970c7eae43d25d37989da682997687b34ae6b87c0ef0",
                "sha256:07dfdd492d645eea1bd70fb1d6febdcf47db178b0d99161d8e4eed18e7f62fe7",
                "sha256:0cbdf2cae14a06827bec50bd58e49249452d211d9caddd8bd80e35b53cb04631",
                "sha256:2055c4fb9a6ff624253d432aa471a37202cd8f458c033d6d989be4499aed037b",
                "sha256:262fffc1f6c1a26125d5d573e1ec379285a3723363f3bd9c83923c9593a2ac25",
                "sha256:280132aada3bc2f0fac939a5771db4fbb84f245cb35b94fae4994d4c1f80dae7",
                "sha256:2b57780b51084d5223eee7b59f0d4911c31c16ee5aa12737c7a02455829ff067",
                "sha256:2bd7065249703cbeb6d4ce679c734bef0ee69baa7bff9724361ada04a15b7e3b",
                "sha256:3235d7c781232e525b0761730e052388a01548bd7f67d0067a253887c6e8df46",
                "sha256:33c020d3322662e74bc507fb11488773a96894aa82a622c35a5a28673c0c26f5",
                "sha256:357754dcdfd811462a725e7501a9b4556388e8ecf66e79df6f4b988fa3d0b39a",
                "sha256:39793731182c4be939b4be0cdecde074b833f6171313cf53481f869937129ed3",
                "sha256:3c2b77f295edb9fcdb6a250f83e6481c679335ca7e6e4a955e4290350f2d22a4",
                "sha256:41327143c5b1d715f5f98a397608f90ab9ebba606ae4e6f3389c2145410c52b1",
                "sha256:427e1e627b0963ac02d7c8730ca6d935df10280d230508c0ba059505e9233475",
                "sha256:432949a32c3e3f820af808db1833d6d1631664d53dd3ce487aa25d574e18ad1c",
                "sha256:4ba01d9ba112b55bfa4b24808ec431197bb34f09f66f7cb4fd0258ff9d3711b1",
                "sha256:4d0e206259b73af35c4ec1319fd04003776e11e859936658cb6ceffdeba0f5be",
                "sha256:51431d0abbed3a868e967f8257c5faf283d41ec882f58413cf295a389bb22e58",
                "sha256:565b2e82d0968c977e0b0f7cbf25fd06d78d4856289abc79694c8edcce6eb2de",
                "sha256:6782cd6216fab5a83216cc39f13ebe30adfac2fa72688c5a4d8d180cd52e8f6a",
                "sha256:6afd2e84e7da40fe23ca588379f815fb6dbbb1b757c883935ed11647205111cb",
                "sha256:710c62b6e35a9a766b99b15cdc56d5aeda0914edae8bb467e9c355f75d14ee95",
                "sha256:84921b10aeb2dd453247fd10de22907984eaf80901b578a5cf0bb1e279a587cb",
                "sha256:85a5dbe1ba1bf38d6c63b6d2c42132d45cbee6d9f0c51b52c59aa4afba057517",
                "sha256:9c6384cc90e37cfb60435bbbe0488444e54b98700f727f16f64d8bfda0b84656",
                "sha256:9dd88fce54abbdbf4c42fb1fea0e498973d07816f24c0e27a1ecaf91883ce69e",
                "sha256:a81eb64feded34f40c8986869a2f764f0fe2db58c0530d3a4afbcde50f314880",
                "sha256:a898c11dca8f8c97b467138004a30133974aacd572818c383596f8d5b2eb04a9",
                "sha256:a9960dd1891b2ddf13a7fe45339cd59ecee3abb6b8326d8b932d0c5da208104f",
                "sha256:a9a7ef30a1b02547c1b23fa9a5564f03c9982fc71eb2ecb7f98c96d7a0db5cf2",
                "sha256:ad97ec0da94b378e593ef532b980c15e377df9b9608c7c6da3506953182398af",
                "sha256:adf032b6c105881f9d77fa17d9eebe0ad1f9bfb2ad25777811f97c5362aa07f2",
                "sha256:bbfe6389c5522b99768a93d89aca52ef92310a96b99782973b9d11e80511f932",
                "sha256:bd4bacd62aa2f1a1627352fe68885d6ee694bdaebb16038b6e680f2924a9b2cc",
                "sha256:bf0b4b8d9caa8d64df838e0f8dcf68fb570c5733b726d1494b87f3da85db3a2d",
                "sha256:c379cdd3efc0658e652a14112d51a7668f6bfca7445c5a10dee7eabecabba19d",
                "sha256:c58536f6892559e030e6924896a44098bc1290663ea12532c78cef71d0df8493",
                "sha256:cbe6581fcff7c8e262eb574244f81f5faaea539e712a058e6707a9d272fe5b64",
                "sha256:ced268e82af993d7801a9db2dbc1d2322e786c5dc76295d8e89473d46c6b84d4",
                "sha256:cf3539007202ebfe03923128fedfdd245db5860a36810136ad95a564a2fdffff",
                "sha256:cf62d17310f34084c59c01e027259076479128d11e4661bb6c9acb38c5e19bb8",
                "sha256:d0194d654e360b3e6cc9b774e83235bae6b9b2cac3be09040880bb0e8a88f4a1",
                "sha256:d3d117890b6eee85887b1eed41eefe2e598ad6e40523d9f94c4c4b213258e4a4",
                "sha256:db2de4e546f0ec4b2787d625e0b16b78e99c3e21bc1722b4977c0dddf11ca84e",
                "sha256:e768d870801f68c74c2b669fc909839660180c366501d4cc4b87efd6b0eee375",
                "sha256:e7c211f25777746d468d76f11719e64acb40eed410d81c26cefac641975beb88",
                "sha256:eed462b4541c540d63ab57b3fc69e7d8c84d5957668854ee4e408b50e92ce26a",
                "sha256:f0bfe42523893c188e9616d853c47685e1c575fe25f737adf473d0405dcfa7eb",
                "sha256:f609ebcb0242d84b7adeee2b06c11a2ddaec5464d21888b2c8255f5fd6a98ae4",
                "sha256:fea9d3ca80bcf17edb2c08a4704259dadac196fe5e9274067e7a20511fad1743",
                "sha256:fed7a72d54bd52f4aeb6c6e951f363903bd7d70bc1cad64dd1f087980d309ab9"
            ],
            "markers": "python_version >= '3.8'",
            "version": "==7.5.0"
        },
        "distlib": {
            "hashes": [
                "sha256:034db59a0b96f8ca18035f36290806a9a6e6bd9d1ff91e45a7f172eb17e51784",
                "sha256:1530ea13e350031b6312d8580ddb6b27a104275a31106523b8f123787f494f64"
            ],
            "version": "==0.3.8"
        },
        "filelock": {
            "hashes": [
                "sha256:43339835842f110ca7ae60f1e1c160714c5a6afd15a2873419ab185334975c0f",
                "sha256:6ea72da3be9b8c82afd3edcf99f2fffbb5076335a5ae4d03248bb5b6c3eae78a"
            ],
            "markers": "python_version >= '3.8'",
            "version": "==3.14.0"
        },
        "identify": {
            "hashes": [
                "sha256:37d93f380f4de590500d9dba7db359d0d3da95ffe7f9de1753faa159e71e7dfa",
                "sha256:e5e00f54165f9047fbebeb4a560f9acfb8af4c88232be60a488e9b68d122745d"
            ],
            "markers": "python_version >= '3.8'",
            "version": "==2.5.36"
        },
        "iniconfig": {
            "hashes": [
                "sha256:2d91e135bf72d31a410b17c16da610a82cb55f6b0477d1a902134b24a455b8b3",
                "sha256:b6a85871a79d2e3b22d2d1b94ac2824226a63c6b741c88f7ae975f18b6778374"
            ],
            "markers": "python_version >= '3.7'",
            "version": "==2.0.0"
        },
        "nodeenv": {
            "hashes": [
                "sha256:d51e0c37e64fbf47d017feac3145cdbb58836d7eee8c6f6d3b6880c5456227d2",
                "sha256:df865724bb3c3adc86b3876fa209771517b0cfe596beff01a92700e0e8be4cec"
            ],
            "markers": "python_version >= '2.7' and python_version not in '3.0, 3.1, 3.2, 3.3, 3.4, 3.5, 3.6'",
            "version": "==1.8.0"
        },
        "packaging": {
            "hashes": [
                "sha256:2ddfb553fdf02fb784c234c7ba6ccc288296ceabec964ad2eae3777778130bc5",
                "sha256:eb82c5e3e56209074766e6885bb04b8c38a0c015d0a30036ebe7ece34c9989e9"
            ],
            "markers": "python_version >= '3.7'",
            "version": "==24.0"
        },
        "platformdirs": {
            "hashes": [
                "sha256:031cd18d4ec63ec53e82dceaac0417d218a6863f7745dfcc9efe7793b7039bdf",
                "sha256:17d5a1161b3fd67b390023cb2d3b026bbd40abde6fdb052dfbd3a29c3ba22ee1"
            ],
            "markers": "python_version >= '3.8'",
            "version": "==4.2.1"
        },
        "pluggy": {
            "hashes": [
                "sha256:2cffa88e94fdc978c4c574f15f9e59b7f4201d439195c3715ca9e2486f1d0cf1",
                "sha256:44e1ad92c8ca002de6377e165f3e0f1be63266ab4d554740532335b9d75ea669"
            ],
            "markers": "python_version >= '3.8'",
            "version": "==1.5.0"
        },
        "pre-commit": {
            "hashes": [
                "sha256:5eae9e10c2b5ac51577c3452ec0a490455c45a0533f7960f993a0d01e59decab",
                "sha256:e209d61b8acdcf742404408531f0c37d49d2c734fd7cff2d6076083d191cb060"
            ],
            "index": "pypi",
            "markers": "python_version >= '3.9'",
            "version": "==3.7.0"
        },
        "pytest": {
            "hashes": [
                "sha256:1733f0620f6cda4095bbf0d9ff8022486e91892245bb9e7d5542c018f612f233",
                "sha256:d507d4482197eac0ba2bae2e9babf0672eb333017bcedaa5fb1a3d42c1174b3f"
            ],
            "index": "pypi",
            "markers": "python_version >= '3.8'",
            "version": "==8.2.0"
        },
        "pytest-cov": {
            "hashes": [
                "sha256:4f0764a1219df53214206bf1feea4633c3b558a2925c8b59f144f682861ce652",
                "sha256:5837b58e9f6ebd335b0f8060eecce69b662415b16dc503883a02f45dfeb14857"
            ],
            "index": "pypi",
            "markers": "python_version >= '3.8'",
            "version": "==5.0.0"
        },
        "pyyaml": {
            "hashes": [
                "sha256:01b45c0191e6d66c470b6cf1b9531a771a83c1c4208272ead47a3ae4f2f603bf",
                "sha256:0283c35a6a9fbf047493e3a0ce8d79ef5030852c51e9d911a27badfde0605293",
                "sha256:055d937d65826939cb044fc8c9b08889e8c743fdc6a32b33e2390f66013e449b",
                "sha256:07751360502caac1c067a8132d150cf3d61339af5691fe9e87803040dbc5db57",
                "sha256:0b4624f379dab24d3725ffde76559cff63d9ec94e1736b556dacdfebe5ab6d4b",
                "sha256:0ce82d761c532fe4ec3f87fc45688bdd3a4c1dc5e0b4a19814b9009a29baefd4",
                "sha256:1e4747bc279b4f613a09eb64bba2ba602d8a6664c6ce6396a4d0cd413a50ce07",
                "sha256:213c60cd50106436cc818accf5baa1aba61c0189ff610f64f4a3e8c6726218ba",
                "sha256:231710d57adfd809ef5d34183b8ed1eeae3f76459c18fb4a0b373ad56bedcdd9",
                "sha256:277a0ef2981ca40581a47093e9e2d13b3f1fbbeffae064c1d21bfceba2030287",
                "sha256:2cd5df3de48857ed0544b34e2d40e9fac445930039f3cfe4bcc592a1f836d513",
                "sha256:40527857252b61eacd1d9af500c3337ba8deb8fc298940291486c465c8b46ec0",
                "sha256:432557aa2c09802be39460360ddffd48156e30721f5e8d917f01d31694216782",
                "sha256:473f9edb243cb1935ab5a084eb238d842fb8f404ed2193a915d1784b5a6b5fc0",
                "sha256:48c346915c114f5fdb3ead70312bd042a953a8ce5c7106d5bfb1a5254e47da92",
                "sha256:50602afada6d6cbfad699b0c7bb50d5ccffa7e46a3d738092afddc1f9758427f",
                "sha256:68fb519c14306fec9720a2a5b45bc9f0c8d1b9c72adf45c37baedfcd949c35a2",
                "sha256:77f396e6ef4c73fdc33a9157446466f1cff553d979bd00ecb64385760c6babdc",
                "sha256:81957921f441d50af23654aa6c5e5eaf9b06aba7f0a19c18a538dc7ef291c5a1",
                "sha256:819b3830a1543db06c4d4b865e70ded25be52a2e0631ccd2f6a47a2822f2fd7c",
                "sha256:897b80890765f037df3403d22bab41627ca8811ae55e9a722fd0392850ec4d86",
                "sha256:98c4d36e99714e55cfbaaee6dd5badbc9a1ec339ebfc3b1f52e293aee6bb71a4",
                "sha256:9df7ed3b3d2e0ecfe09e14741b857df43adb5a3ddadc919a2d94fbdf78fea53c",
                "sha256:9fa600030013c4de8165339db93d182b9431076eb98eb40ee068700c9c813e34",
                "sha256:a80a78046a72361de73f8f395f1f1e49f956c6be882eed58505a15f3e430962b",
                "sha256:afa17f5bc4d1b10afd4466fd3a44dc0e245382deca5b3c353d8b757f9e3ecb8d",
                "sha256:b3d267842bf12586ba6c734f89d1f5b871df0273157918b0ccefa29deb05c21c",
                "sha256:b5b9eccad747aabaaffbc6064800670f0c297e52c12754eb1d976c57e4f74dcb",
                "sha256:bfaef573a63ba8923503d27530362590ff4f576c626d86a9fed95822a8255fd7",
                "sha256:c5687b8d43cf58545ade1fe3e055f70eac7a5a1a0bf42824308d868289a95737",
                "sha256:cba8c411ef271aa037d7357a2bc8f9ee8b58b9965831d9e51baf703280dc73d3",
                "sha256:d15a181d1ecd0d4270dc32edb46f7cb7733c7c508857278d3d378d14d606db2d",
                "sha256:d4b0ba9512519522b118090257be113b9468d804b19d63c71dbcf4a48fa32358",
                "sha256:d4db7c7aef085872ef65a8fd7d6d09a14ae91f691dec3e87ee5ee0539d516f53",
                "sha256:d4eccecf9adf6fbcc6861a38015c2a64f38b9d94838ac1810a9023a0609e1b78",
                "sha256:d67d839ede4ed1b28a4e8909735fc992a923cdb84e618544973d7dfc71540803",
                "sha256:daf496c58a8c52083df09b80c860005194014c3698698d1a57cbcfa182142a3a",
                "sha256:dbad0e9d368bb989f4515da330b88a057617d16b6a8245084f1b05400f24609f",
                "sha256:e61ceaab6f49fb8bdfaa0f92c4b57bcfbea54c09277b1b4f7ac376bfb7a7c174",
                "sha256:f84fbc98b019fef2ee9a1cb3ce93e3187a6df0b2538a651bfb890254ba9f90b5"
            ],
            "index": "pypi",
            "markers": "python_version >= '3.6'",
            "version": "==6.0"
        },
        "setuptools": {
            "hashes": [
                "sha256:6c1fccdac05a97e598fb0ae3bbed5904ccb317337a51139dcd51453611bbb987",
                "sha256:c636ac361bc47580504644275c9ad802c50415c7522212252c033bd15f301f32"
            ],
            "markers": "python_version >= '3.8'",
            "version": "==69.5.1"
        },
        "virtualenv": {
            "hashes": [
                "sha256:604bfdceaeece392802e6ae48e69cec49168b9c5f4a44e483963f9242eb0e78b",
                "sha256:7aa9982a728ae5892558bff6a2839c00b9ed145523ece2274fad6f414690ae75"
            ],
            "markers": "python_version >= '3.7'",
            "version": "==20.26.1"
        }
    }
}
